// !$*UTF8*$!
{
	archiveVersion = 1;
	classes = {
	};
	objectVersion = 56;
	objects = {

/* Begin PBXBuildFile section */
		05687A4629BA7B2300D24E58 /* AppDelegate.swift in Sources */ = {isa = PBXBuildFile; fileRef = 05687A4529BA7B2300D24E58 /* AppDelegate.swift */; };
		05687A4829BA7B2300D24E58 /* SceneDelegate.swift in Sources */ = {isa = PBXBuildFile; fileRef = 05687A4729BA7B2300D24E58 /* SceneDelegate.swift */; };
		05687A4A29BA7B2300D24E58 /* ViewController.swift in Sources */ = {isa = PBXBuildFile; fileRef = 05687A4929BA7B2300D24E58 /* ViewController.swift */; };
		05687A4D29BA7B2300D24E58 /* Main.storyboard in Resources */ = {isa = PBXBuildFile; fileRef = 05687A4B29BA7B2300D24E58 /* Main.storyboard */; };
		05687A4F29BA7B2500D24E58 /* Assets.xcassets in Resources */ = {isa = PBXBuildFile; fileRef = 05687A4E29BA7B2500D24E58 /* Assets.xcassets */; };
		05687A5229BA7B2500D24E58 /* LaunchScreen.storyboard in Resources */ = {isa = PBXBuildFile; fileRef = 05687A5029BA7B2500D24E58 /* LaunchScreen.storyboard */; };
		05687A5D29BA7B2600D24E58 /* WalkiezTests.swift in Sources */ = {isa = PBXBuildFile; fileRef = 05687A5C29BA7B2600D24E58 /* WalkiezTests.swift */; };
		05687A6729BA7B2600D24E58 /* WalkiezUITests.swift in Sources */ = {isa = PBXBuildFile; fileRef = 05687A6629BA7B2600D24E58 /* WalkiezUITests.swift */; };
		05687A6929BA7B2600D24E58 /* WalkiezUITestsLaunchTests.swift in Sources */ = {isa = PBXBuildFile; fileRef = 05687A6829BA7B2600D24E58 /* WalkiezUITestsLaunchTests.swift */; };
		05687A7829BA8CC200D24E58 /* RegistrationViewController.swift in Sources */ = {isa = PBXBuildFile; fileRef = 05687A7729BA8CC200D24E58 /* RegistrationViewController.swift */; };
		05687A7A29BA8DEF00D24E58 /* User.swift in Sources */ = {isa = PBXBuildFile; fileRef = 05687A7929BA8DEF00D24E58 /* User.swift */; };
/* End PBXBuildFile section */

/* Begin PBXContainerItemProxy section */
		05687A5929BA7B2600D24E58 /* PBXContainerItemProxy */ = {
			isa = PBXContainerItemProxy;
			containerPortal = 05687A3A29BA7B2300D24E58 /* Project object */;
			proxyType = 1;
			remoteGlobalIDString = 05687A4129BA7B2300D24E58;
			remoteInfo = Walkiez;
		};
		05687A6329BA7B2600D24E58 /* PBXContainerItemProxy */ = {
			isa = PBXContainerItemProxy;
			containerPortal = 05687A3A29BA7B2300D24E58 /* Project object */;
			proxyType = 1;
			remoteGlobalIDString = 05687A4129BA7B2300D24E58;
			remoteInfo = Walkiez;
		};
/* End PBXContainerItemProxy section */

/* Begin PBXFileReference section */
		05687A4229BA7B2300D24E58 /* Walkiez.app */ = {isa = PBXFileReference; explicitFileType = wrapper.application; includeInIndex = 0; path = Walkiez.app; sourceTree = BUILT_PRODUCTS_DIR; };
		05687A4529BA7B2300D24E58 /* AppDelegate.swift */ = {isa = PBXFileReference; lastKnownFileType = sourcecode.swift; path = AppDelegate.swift; sourceTree = "<group>"; };
		05687A4729BA7B2300D24E58 /* SceneDelegate.swift */ = {isa = PBXFileReference; lastKnownFileType = sourcecode.swift; path = SceneDelegate.swift; sourceTree = "<group>"; };
		05687A4929BA7B2300D24E58 /* ViewController.swift */ = {isa = PBXFileReference; lastKnownFileType = sourcecode.swift; path = ViewController.swift; sourceTree = "<group>"; };
		05687A4C29BA7B2300D24E58 /* Base */ = {isa = PBXFileReference; lastKnownFileType = file.storyboard; name = Base; path = Base.lproj/Main.storyboard; sourceTree = "<group>"; };
		05687A4E29BA7B2500D24E58 /* Assets.xcassets */ = {isa = PBXFileReference; lastKnownFileType = folder.assetcatalog; path = Assets.xcassets; sourceTree = "<group>"; };
		05687A5129BA7B2500D24E58 /* Base */ = {isa = PBXFileReference; lastKnownFileType = file.storyboard; name = Base; path = Base.lproj/LaunchScreen.storyboard; sourceTree = "<group>"; };
		05687A5329BA7B2500D24E58 /* Info.plist */ = {isa = PBXFileReference; lastKnownFileType = text.plist.xml; path = Info.plist; sourceTree = "<group>"; };
		05687A5829BA7B2600D24E58 /* WalkiezTests.xctest */ = {isa = PBXFileReference; explicitFileType = wrapper.cfbundle; includeInIndex = 0; path = WalkiezTests.xctest; sourceTree = BUILT_PRODUCTS_DIR; };
		05687A5C29BA7B2600D24E58 /* WalkiezTests.swift */ = {isa = PBXFileReference; lastKnownFileType = sourcecode.swift; path = WalkiezTests.swift; sourceTree = "<group>"; };
		05687A6229BA7B2600D24E58 /* WalkiezUITests.xctest */ = {isa = PBXFileReference; explicitFileType = wrapper.cfbundle; includeInIndex = 0; path = WalkiezUITests.xctest; sourceTree = BUILT_PRODUCTS_DIR; };
		05687A6629BA7B2600D24E58 /* WalkiezUITests.swift */ = {isa = PBXFileReference; lastKnownFileType = sourcecode.swift; path = WalkiezUITests.swift; sourceTree = "<group>"; };
		05687A6829BA7B2600D24E58 /* WalkiezUITestsLaunchTests.swift */ = {isa = PBXFileReference; lastKnownFileType = sourcecode.swift; path = WalkiezUITestsLaunchTests.swift; sourceTree = "<group>"; };
		05687A7729BA8CC200D24E58 /* RegistrationViewController.swift */ = {isa = PBXFileReference; lastKnownFileType = sourcecode.swift; path = RegistrationViewController.swift; sourceTree = "<group>"; };
		05687A7929BA8DEF00D24E58 /* User.swift */ = {isa = PBXFileReference; lastKnownFileType = sourcecode.swift; path = User.swift; sourceTree = "<group>"; };
/* End PBXFileReference section */

/* Begin PBXFrameworksBuildPhase section */
		05687A3F29BA7B2300D24E58 /* Frameworks */ = {
			isa = PBXFrameworksBuildPhase;
			buildActionMask = 2147483647;
			files = (
			);
			runOnlyForDeploymentPostprocessing = 0;
		};
		05687A5529BA7B2600D24E58 /* Frameworks */ = {
			isa = PBXFrameworksBuildPhase;
			buildActionMask = 2147483647;
			files = (
			);
			runOnlyForDeploymentPostprocessing = 0;
		};
		05687A5F29BA7B2600D24E58 /* Frameworks */ = {
			isa = PBXFrameworksBuildPhase;
			buildActionMask = 2147483647;
			files = (
			);
			runOnlyForDeploymentPostprocessing = 0;
		};
/* End PBXFrameworksBuildPhase section */

/* Begin PBXGroup section */
		05687A3929BA7B2300D24E58 = {
			isa = PBXGroup;
			children = (
				05687A4429BA7B2300D24E58 /* Walkiez */,
				05687A5B29BA7B2600D24E58 /* WalkiezTests */,
				05687A6529BA7B2600D24E58 /* WalkiezUITests */,
				05687A4329BA7B2300D24E58 /* Products */,
			);
			sourceTree = "<group>";
		};
		05687A4329BA7B2300D24E58 /* Products */ = {
			isa = PBXGroup;
			children = (
				05687A4229BA7B2300D24E58 /* Walkiez.app */,
				05687A5829BA7B2600D24E58 /* WalkiezTests.xctest */,
				05687A6229BA7B2600D24E58 /* WalkiezUITests.xctest */,
			);
			name = Products;
			sourceTree = "<group>";
		};
		05687A4429BA7B2300D24E58 /* Walkiez */ = {
			isa = PBXGroup;
			children = (
				05687A4529BA7B2300D24E58 /* AppDelegate.swift */,
				05687A4729BA7B2300D24E58 /* SceneDelegate.swift */,
				05687A4929BA7B2300D24E58 /* ViewController.swift */,
				05687A4B29BA7B2300D24E58 /* Main.storyboard */,
				05687A7929BA8DEF00D24E58 /* User.swift */,
				05687A4E29BA7B2500D24E58 /* Assets.xcassets */,
				05687A5029BA7B2500D24E58 /* LaunchScreen.storyboard */,
				05687A5329BA7B2500D24E58 /* Info.plist */,
				05687A7729BA8CC200D24E58 /* RegistrationViewController.swift */,
			);
			path = Walkiez;
			sourceTree = "<group>";
		};
		05687A5B29BA7B2600D24E58 /* WalkiezTests */ = {
			isa = PBXGroup;
			children = (
				05687A5C29BA7B2600D24E58 /* WalkiezTests.swift */,
			);
			path = WalkiezTests;
			sourceTree = "<group>";
		};
		05687A6529BA7B2600D24E58 /* WalkiezUITests */ = {
			isa = PBXGroup;
			children = (
				05687A6629BA7B2600D24E58 /* WalkiezUITests.swift */,
				05687A6829BA7B2600D24E58 /* WalkiezUITestsLaunchTests.swift */,
			);
			path = WalkiezUITests;
			sourceTree = "<group>";
		};
/* End PBXGroup section */

/* Begin PBXNativeTarget section */
		05687A4129BA7B2300D24E58 /* Walkiez */ = {
			isa = PBXNativeTarget;
			buildConfigurationList = 05687A6C29BA7B2600D24E58 /* Build configuration list for PBXNativeTarget "Walkiez" */;
			buildPhases = (
				05687A3E29BA7B2300D24E58 /* Sources */,
				05687A3F29BA7B2300D24E58 /* Frameworks */,
				05687A4029BA7B2300D24E58 /* Resources */,
			);
			buildRules = (
			);
			dependencies = (
			);
			name = Walkiez;
			productName = Walkiez;
			productReference = 05687A4229BA7B2300D24E58 /* Walkiez.app */;
			productType = "com.apple.product-type.application";
		};
		05687A5729BA7B2600D24E58 /* WalkiezTests */ = {
			isa = PBXNativeTarget;
			buildConfigurationList = 05687A6F29BA7B2600D24E58 /* Build configuration list for PBXNativeTarget "WalkiezTests" */;
			buildPhases = (
				05687A5429BA7B2600D24E58 /* Sources */,
				05687A5529BA7B2600D24E58 /* Frameworks */,
				05687A5629BA7B2600D24E58 /* Resources */,
			);
			buildRules = (
			);
			dependencies = (
				05687A5A29BA7B2600D24E58 /* PBXTargetDependency */,
			);
			name = WalkiezTests;
			productName = WalkiezTests;
			productReference = 05687A5829BA7B2600D24E58 /* WalkiezTests.xctest */;
			productType = "com.apple.product-type.bundle.unit-test";
		};
		05687A6129BA7B2600D24E58 /* WalkiezUITests */ = {
			isa = PBXNativeTarget;
			buildConfigurationList = 05687A7229BA7B2600D24E58 /* Build configuration list for PBXNativeTarget "WalkiezUITests" */;
			buildPhases = (
				05687A5E29BA7B2600D24E58 /* Sources */,
				05687A5F29BA7B2600D24E58 /* Frameworks */,
				05687A6029BA7B2600D24E58 /* Resources */,
			);
			buildRules = (
			);
			dependencies = (
				05687A6429BA7B2600D24E58 /* PBXTargetDependency */,
			);
			name = WalkiezUITests;
			productName = WalkiezUITests;
			productReference = 05687A6229BA7B2600D24E58 /* WalkiezUITests.xctest */;
			productType = "com.apple.product-type.bundle.ui-testing";
		};
/* End PBXNativeTarget section */

/* Begin PBXProject section */
		05687A3A29BA7B2300D24E58 /* Project object */ = {
			isa = PBXProject;
			attributes = {
				BuildIndependentTargetsInParallel = 1;
				LastSwiftUpdateCheck = 1420;
				LastUpgradeCheck = 1420;
				TargetAttributes = {
					05687A4129BA7B2300D24E58 = {
						CreatedOnToolsVersion = 14.2;
					};
					05687A5729BA7B2600D24E58 = {
						CreatedOnToolsVersion = 14.2;
						TestTargetID = 05687A4129BA7B2300D24E58;
					};
					05687A6129BA7B2600D24E58 = {
						CreatedOnToolsVersion = 14.2;
						TestTargetID = 05687A4129BA7B2300D24E58;
					};
				};
			};
			buildConfigurationList = 05687A3D29BA7B2300D24E58 /* Build configuration list for PBXProject "Walkiez" */;
			compatibilityVersion = "Xcode 14.0";
			developmentRegion = en;
			hasScannedForEncodings = 0;
			knownRegions = (
				en,
				Base,
			);
			mainGroup = 05687A3929BA7B2300D24E58;
			productRefGroup = 05687A4329BA7B2300D24E58 /* Products */;
			projectDirPath = "";
			projectRoot = "";
			targets = (
				05687A4129BA7B2300D24E58 /* Walkiez */,
				05687A5729BA7B2600D24E58 /* WalkiezTests */,
				05687A6129BA7B2600D24E58 /* WalkiezUITests */,
			);
		};
/* End PBXProject section */

/* Begin PBXResourcesBuildPhase section */
		05687A4029BA7B2300D24E58 /* Resources */ = {
			isa = PBXResourcesBuildPhase;
			buildActionMask = 2147483647;
			files = (
				05687A5229BA7B2500D24E58 /* LaunchScreen.storyboard in Resources */,
				05687A4F29BA7B2500D24E58 /* Assets.xcassets in Resources */,
				05687A4D29BA7B2300D24E58 /* Main.storyboard in Resources */,
			);
			runOnlyForDeploymentPostprocessing = 0;
		};
		05687A5629BA7B2600D24E58 /* Resources */ = {
			isa = PBXResourcesBuildPhase;
			buildActionMask = 2147483647;
			files = (
			);
			runOnlyForDeploymentPostprocessing = 0;
		};
		05687A6029BA7B2600D24E58 /* Resources */ = {
			isa = PBXResourcesBuildPhase;
			buildActionMask = 2147483647;
			files = (
			);
			runOnlyForDeploymentPostprocessing = 0;
		};
/* End PBXResourcesBuildPhase section */

/* Begin PBXSourcesBuildPhase section */
		05687A3E29BA7B2300D24E58 /* Sources */ = {
			isa = PBXSourcesBuildPhase;
			buildActionMask = 2147483647;
			files = (
				05687A4A29BA7B2300D24E58 /* ViewController.swift in Sources */,
				05687A4629BA7B2300D24E58 /* AppDelegate.swift in Sources */,
				05687A7829BA8CC200D24E58 /* RegistrationViewController.swift in Sources */,
				05687A7A29BA8DEF00D24E58 /* User.swift in Sources */,
				05687A4829BA7B2300D24E58 /* SceneDelegate.swift in Sources */,
			);
			runOnlyForDeploymentPostprocessing = 0;
		};
		05687A5429BA7B2600D24E58 /* Sources */ = {
			isa = PBXSourcesBuildPhase;
			buildActionMask = 2147483647;
			files = (
				05687A5D29BA7B2600D24E58 /* WalkiezTests.swift in Sources */,
			);
			runOnlyForDeploymentPostprocessing = 0;
		};
		05687A5E29BA7B2600D24E58 /* Sources */ = {
			isa = PBXSourcesBuildPhase;
			buildActionMask = 2147483647;
			files = (
				05687A6929BA7B2600D24E58 /* WalkiezUITestsLaunchTests.swift in Sources */,
				05687A6729BA7B2600D24E58 /* WalkiezUITests.swift in Sources */,
			);
			runOnlyForDeploymentPostprocessing = 0;
		};
/* End PBXSourcesBuildPhase section */

/* Begin PBXTargetDependency section */
		05687A5A29BA7B2600D24E58 /* PBXTargetDependency */ = {
			isa = PBXTargetDependency;
			target = 05687A4129BA7B2300D24E58 /* Walkiez */;
			targetProxy = 05687A5929BA7B2600D24E58 /* PBXContainerItemProxy */;
		};
		05687A6429BA7B2600D24E58 /* PBXTargetDependency */ = {
			isa = PBXTargetDependency;
			target = 05687A4129BA7B2300D24E58 /* Walkiez */;
			targetProxy = 05687A6329BA7B2600D24E58 /* PBXContainerItemProxy */;
		};
/* End PBXTargetDependency section */

/* Begin PBXVariantGroup section */
		05687A4B29BA7B2300D24E58 /* Main.storyboard */ = {
			isa = PBXVariantGroup;
			children = (
				05687A4C29BA7B2300D24E58 /* Base */,
			);
			name = Main.storyboard;
			sourceTree = "<group>";
		};
		05687A5029BA7B2500D24E58 /* LaunchScreen.storyboard */ = {
			isa = PBXVariantGroup;
			children = (
				05687A5129BA7B2500D24E58 /* Base */,
			);
			name = LaunchScreen.storyboard;
			sourceTree = "<group>";
		};
/* End PBXVariantGroup section */

/* Begin XCBuildConfiguration section */
		05687A6A29BA7B2600D24E58 /* Debug */ = {
			isa = XCBuildConfiguration;
			buildSettings = {
				ALWAYS_SEARCH_USER_PATHS = NO;
				CLANG_ANALYZER_NONNULL = YES;
				CLANG_ANALYZER_NUMBER_OBJECT_CONVERSION = YES_AGGRESSIVE;
				CLANG_CXX_LANGUAGE_STANDARD = "gnu++20";
				CLANG_ENABLE_MODULES = YES;
				CLANG_ENABLE_OBJC_ARC = YES;
				CLANG_ENABLE_OBJC_WEAK = YES;
				CLANG_WARN_BLOCK_CAPTURE_AUTORELEASING = YES;
				CLANG_WARN_BOOL_CONVERSION = YES;
				CLANG_WARN_COMMA = YES;
				CLANG_WARN_CONSTANT_CONVERSION = YES;
				CLANG_WARN_DEPRECATED_OBJC_IMPLEMENTATIONS = YES;
				CLANG_WARN_DIRECT_OBJC_ISA_USAGE = YES_ERROR;
				CLANG_WARN_DOCUMENTATION_COMMENTS = YES;
				CLANG_WARN_EMPTY_BODY = YES;
				CLANG_WARN_ENUM_CONVERSION = YES;
				CLANG_WARN_INFINITE_RECURSION = YES;
				CLANG_WARN_INT_CONVERSION = YES;
				CLANG_WARN_NON_LITERAL_NULL_CONVERSION = YES;
				CLANG_WARN_OBJC_IMPLICIT_RETAIN_SELF = YES;
				CLANG_WARN_OBJC_LITERAL_CONVERSION = YES;
				CLANG_WARN_OBJC_ROOT_CLASS = YES_ERROR;
				CLANG_WARN_QUOTED_INCLUDE_IN_FRAMEWORK_HEADER = YES;
				CLANG_WARN_RANGE_LOOP_ANALYSIS = YES;
				CLANG_WARN_STRICT_PROTOTYPES = YES;
				CLANG_WARN_SUSPICIOUS_MOVE = YES;
				CLANG_WARN_UNGUARDED_AVAILABILITY = YES_AGGRESSIVE;
				CLANG_WARN_UNREACHABLE_CODE = YES;
				CLANG_WARN__DUPLICATE_METHOD_MATCH = YES;
				COPY_PHASE_STRIP = NO;
				DEBUG_INFORMATION_FORMAT = dwarf;
				ENABLE_STRICT_OBJC_MSGSEND = YES;
				ENABLE_TESTABILITY = YES;
				GCC_C_LANGUAGE_STANDARD = gnu11;
				GCC_DYNAMIC_NO_PIC = NO;
				GCC_NO_COMMON_BLOCKS = YES;
				GCC_OPTIMIZATION_LEVEL = 0;
				GCC_PREPROCESSOR_DEFINITIONS = (
					"DEBUG=1",
					"$(inherited)",
				);
				GCC_WARN_64_TO_32_BIT_CONVERSION = YES;
				GCC_WARN_ABOUT_RETURN_TYPE = YES_ERROR;
				GCC_WARN_UNDECLARED_SELECTOR = YES;
				GCC_WARN_UNINITIALIZED_AUTOS = YES_AGGRESSIVE;
				GCC_WARN_UNUSED_FUNCTION = YES;
				GCC_WARN_UNUSED_VARIABLE = YES;
				IPHONEOS_DEPLOYMENT_TARGET = 16.2;
				MTL_ENABLE_DEBUG_INFO = INCLUDE_SOURCE;
				MTL_FAST_MATH = YES;
				ONLY_ACTIVE_ARCH = YES;
				SDKROOT = iphoneos;
				SWIFT_ACTIVE_COMPILATION_CONDITIONS = DEBUG;
				SWIFT_OPTIMIZATION_LEVEL = "-Onone";
			};
			name = Debug;
		};
		05687A6B29BA7B2600D24E58 /* Release */ = {
			isa = XCBuildConfiguration;
			buildSettings = {
				ALWAYS_SEARCH_USER_PATHS = NO;
				CLANG_ANALYZER_NONNULL = YES;
				CLANG_ANALYZER_NUMBER_OBJECT_CONVERSION = YES_AGGRESSIVE;
				CLANG_CXX_LANGUAGE_STANDARD = "gnu++20";
				CLANG_ENABLE_MODULES = YES;
				CLANG_ENABLE_OBJC_ARC = YES;
				CLANG_ENABLE_OBJC_WEAK = YES;
				CLANG_WARN_BLOCK_CAPTURE_AUTORELEASING = YES;
				CLANG_WARN_BOOL_CONVERSION = YES;
				CLANG_WARN_COMMA = YES;
				CLANG_WARN_CONSTANT_CONVERSION = YES;
				CLANG_WARN_DEPRECATED_OBJC_IMPLEMENTATIONS = YES;
				CLANG_WARN_DIRECT_OBJC_ISA_USAGE = YES_ERROR;
				CLANG_WARN_DOCUMENTATION_COMMENTS = YES;
				CLANG_WARN_EMPTY_BODY = YES;
				CLANG_WARN_ENUM_CONVERSION = YES;
				CLANG_WARN_INFINITE_RECURSION = YES;
				CLANG_WARN_INT_CONVERSION = YES;
				CLANG_WARN_NON_LITERAL_NULL_CONVERSION = YES;
				CLANG_WARN_OBJC_IMPLICIT_RETAIN_SELF = YES;
				CLANG_WARN_OBJC_LITERAL_CONVERSION = YES;
				CLANG_WARN_OBJC_ROOT_CLASS = YES_ERROR;
				CLANG_WARN_QUOTED_INCLUDE_IN_FRAMEWORK_HEADER = YES;
				CLANG_WARN_RANGE_LOOP_ANALYSIS = YES;
				CLANG_WARN_STRICT_PROTOTYPES = YES;
				CLANG_WARN_SUSPICIOUS_MOVE = YES;
				CLANG_WARN_UNGUARDED_AVAILABILITY = YES_AGGRESSIVE;
				CLANG_WARN_UNREACHABLE_CODE = YES;
				CLANG_WARN__DUPLICATE_METHOD_MATCH = YES;
				COPY_PHASE_STRIP = NO;
				DEBUG_INFORMATION_FORMAT = "dwarf-with-dsym";
				ENABLE_NS_ASSERTIONS = NO;
				ENABLE_STRICT_OBJC_MSGSEND = YES;
				GCC_C_LANGUAGE_STANDARD = gnu11;
				GCC_NO_COMMON_BLOCKS = YES;
				GCC_WARN_64_TO_32_BIT_CONVERSION = YES;
				GCC_WARN_ABOUT_RETURN_TYPE = YES_ERROR;
				GCC_WARN_UNDECLARED_SELECTOR = YES;
				GCC_WARN_UNINITIALIZED_AUTOS = YES_AGGRESSIVE;
				GCC_WARN_UNUSED_FUNCTION = YES;
				GCC_WARN_UNUSED_VARIABLE = YES;
				IPHONEOS_DEPLOYMENT_TARGET = 16.2;
				MTL_ENABLE_DEBUG_INFO = NO;
				MTL_FAST_MATH = YES;
				SDKROOT = iphoneos;
				SWIFT_COMPILATION_MODE = wholemodule;
				SWIFT_OPTIMIZATION_LEVEL = "-O";
				VALIDATE_PRODUCT = YES;
			};
			name = Release;
		};
		05687A6D29BA7B2600D24E58 /* Debug */ = {
			isa = XCBuildConfiguration;
			buildSettings = {
				ASSETCATALOG_COMPILER_APPICON_NAME = AppIcon;
				ASSETCATALOG_COMPILER_GLOBAL_ACCENT_COLOR_NAME = AccentColor;
				CODE_SIGN_STYLE = Automatic;
				CURRENT_PROJECT_VERSION = 1;
				DEVELOPMENT_TEAM = WA2JRYUXJG;
				GENERATE_INFOPLIST_FILE = YES;
				INFOPLIST_FILE = Walkiez/Info.plist;
				INFOPLIST_KEY_UIApplicationSupportsIndirectInputEvents = YES;
				INFOPLIST_KEY_UILaunchStoryboardName = LaunchScreen;
				INFOPLIST_KEY_UIMainStoryboardFile = Main;
				INFOPLIST_KEY_UISupportedInterfaceOrientations_iPad = "UIInterfaceOrientationPortrait UIInterfaceOrientationPortraitUpsideDown UIInterfaceOrientationLandscapeLeft UIInterfaceOrientationLandscapeRight";
				INFOPLIST_KEY_UISupportedInterfaceOrientations_iPhone = "UIInterfaceOrientationPortrait UIInterfaceOrientationLandscapeLeft UIInterfaceOrientationLandscapeRight";
				LD_RUNPATH_SEARCH_PATHS = (
					"$(inherited)",
					"@executable_path/Frameworks",
				);
				MARKETING_VERSION = 1.0;
				PRODUCT_BUNDLE_IDENTIFIER = "io.designcode.Recipe-Memories.Walkiez";
				PRODUCT_NAME = "$(TARGET_NAME)";
				SWIFT_EMIT_LOC_STRINGS = YES;
				SWIFT_VERSION = 5.0;
				TARGETED_DEVICE_FAMILY = "1,2";
			};
			name = Debug;
		};
		05687A6E29BA7B2600D24E58 /* Release */ = {
			isa = XCBuildConfiguration;
			buildSettings = {
				ASSETCATALOG_COMPILER_APPICON_NAME = AppIcon;
				ASSETCATALOG_COMPILER_GLOBAL_ACCENT_COLOR_NAME = AccentColor;
				CODE_SIGN_STYLE = Automatic;
				CURRENT_PROJECT_VERSION = 1;
				DEVELOPMENT_TEAM = WA2JRYUXJG;
				GENERATE_INFOPLIST_FILE = YES;
				INFOPLIST_FILE = Walkiez/Info.plist;
				INFOPLIST_KEY_UIApplicationSupportsIndirectInputEvents = YES;
				INFOPLIST_KEY_UILaunchStoryboardName = LaunchScreen;
				INFOPLIST_KEY_UIMainStoryboardFile = Main;
				INFOPLIST_KEY_UISupportedInterfaceOrientations_iPad = "UIInterfaceOrientationPortrait UIInterfaceOrientationPortraitUpsideDown UIInterfaceOrientationLandscapeLeft UIInterfaceOrientationLandscapeRight";
				INFOPLIST_KEY_UISupportedInterfaceOrientations_iPhone = "UIInterfaceOrientationPortrait UIInterfaceOrientationLandscapeLeft UIInterfaceOrientationLandscapeRight";
				LD_RUNPATH_SEARCH_PATHS = (
					"$(inherited)",
					"@executable_path/Frameworks",
				);
				MARKETING_VERSION = 1.0;
				PRODUCT_BUNDLE_IDENTIFIER = "io.designcode.Recipe-Memories.Walkiez";
				PRODUCT_NAME = "$(TARGET_NAME)";
				SWIFT_EMIT_LOC_STRINGS = YES;
				SWIFT_VERSION = 5.0;
				TARGETED_DEVICE_FAMILY = "1,2";
			};
			name = Release;
		};
		05687A7029BA7B2600D24E58 /* Debug */ = {
			isa = XCBuildConfiguration;
			buildSettings = {
				ALWAYS_EMBED_SWIFT_STANDARD_LIBRARIES = YES;
				BUNDLE_LOADER = "$(TEST_HOST)";
				CODE_SIGN_STYLE = Automatic;
				CURRENT_PROJECT_VERSION = 1;
				DEVELOPMENT_TEAM = WA2JRYUXJG;
				GENERATE_INFOPLIST_FILE = YES;
				IPHONEOS_DEPLOYMENT_TARGET = 16.2;
				MARKETING_VERSION = 1.0;
				PRODUCT_BUNDLE_IDENTIFIER = "io.designcode.Recipe-Memories.WalkiezTests";
				PRODUCT_NAME = "$(TARGET_NAME)";
				SWIFT_EMIT_LOC_STRINGS = NO;
				SWIFT_VERSION = 5.0;
				TARGETED_DEVICE_FAMILY = "1,2";
				TEST_HOST = "$(BUILT_PRODUCTS_DIR)/Walkiez.app/$(BUNDLE_EXECUTABLE_FOLDER_PATH)/Walkiez";
			};
			name = Debug;
		};
		05687A7129BA7B2600D24E58 /* Release */ = {
			isa = XCBuildConfiguration;
			buildSettings = {
				ALWAYS_EMBED_SWIFT_STANDARD_LIBRARIES = YES;
				BUNDLE_LOADER = "$(TEST_HOST)";
				CODE_SIGN_STYLE = Automatic;
				CURRENT_PROJECT_VERSION = 1;
				DEVELOPMENT_TEAM = WA2JRYUXJG;
				GENERATE_INFOPLIST_FILE = YES;
				IPHONEOS_DEPLOYMENT_TARGET = 16.2;
				MARKETING_VERSION = 1.0;
				PRODUCT_BUNDLE_IDENTIFIER = "io.designcode.Recipe-Memories.WalkiezTests";
				PRODUCT_NAME = "$(TARGET_NAME)";
				SWIFT_EMIT_LOC_STRINGS = NO;
				SWIFT_VERSION = 5.0;
				TARGETED_DEVICE_FAMILY = "1,2";
				TEST_HOST = "$(BUILT_PRODUCTS_DIR)/Walkiez.app/$(BUNDLE_EXECUTABLE_FOLDER_PATH)/Walkiez";
			};
			name = Release;
		};
		05687A7329BA7B2600D24E58 /* Debug */ = {
			isa = XCBuildConfiguration;
			buildSettings = {
				ALWAYS_EMBED_SWIFT_STANDARD_LIBRARIES = YES;
				CODE_SIGN_STYLE = Automatic;
				CURRENT_PROJECT_VERSION = 1;
				DEVELOPMENT_TEAM = WA2JRYUXJG;
				GENERATE_INFOPLIST_FILE = YES;
				MARKETING_VERSION = 1.0;
				PRODUCT_BUNDLE_IDENTIFIER = "io.designcode.Recipe-Memories.WalkiezUITests";
				PRODUCT_NAME = "$(TARGET_NAME)";
				SWIFT_EMIT_LOC_STRINGS = NO;
				SWIFT_VERSION = 5.0;
				TARGETED_DEVICE_FAMILY = "1,2";
				TEST_TARGET_NAME = Walkiez;
			};
			name = Debug;
		};
		05687A7429BA7B2600D24E58 /* Release */ = {
			isa = XCBuildConfiguration;
			buildSettings = {
				ALWAYS_EMBED_SWIFT_STANDARD_LIBRARIES = YES;
				CODE_SIGN_STYLE = Automatic;
				CURRENT_PROJECT_VERSION = 1;
				DEVELOPMENT_TEAM = WA2JRYUXJG;
				GENERATE_INFOPLIST_FILE = YES;
				MARKETING_VERSION = 1.0;
				PRODUCT_BUNDLE_IDENTIFIER = "io.designcode.Recipe-Memories.WalkiezUITests";
				PRODUCT_NAME = "$(TARGET_NAME)";
				SWIFT_EMIT_LOC_STRINGS = NO;
				SWIFT_VERSION = 5.0;
				TARGETED_DEVICE_FAMILY = "1,2";
				TEST_TARGET_NAME = Walkiez;
			};
			name = Release;
		};
/* End XCBuildConfiguration section */

/* Begin XCConfigurationList section */
		05687A3D29BA7B2300D24E58 /* Build configuration list for PBXProject "Walkiez" */ = {
			isa = XCConfigurationList;
			buildConfigurations = (
				05687A6A29BA7B2600D24E58 /* Debug */,
				05687A6B29BA7B2600D24E58 /* Release */,
			);
			defaultConfigurationIsVisible = 0;
			defaultConfigurationName = Release;
		};
		05687A6C29BA7B2600D24E58 /* Build configuration list for PBXNativeTarget "Walkiez" */ = {
			isa = XCConfigurationList;
			buildConfigurations = (
				05687A6D29BA7B2600D24E58 /* Debug */,
				05687A6E29BA7B2600D24E58 /* Release */,
			);
			defaultConfigurationIsVisible = 0;
			defaultConfigurationName = Release;
		};
		05687A6F29BA7B2600D24E58 /* Build configuration list for PBXNativeTarget "WalkiezTests" */ = {
			isa = XCConfigurationList;
			buildConfigurations = (
				05687A7029BA7B2600D24E58 /* Debug */,
				05687A7129BA7B2600D24E58 /* Release */,
			);
			defaultConfigurationIsVisible = 0;
			defaultConfigurationName = Release;
		};
		05687A7229BA7B2600D24E58 /* Build configuration list for PBXNativeTarget "WalkiezUITests" */ = {
			isa = XCConfigurationList;
			buildConfigurations = (
				05687A7329BA7B2600D24E58 /* Debug */,
				05687A7429BA7B2600D24E58 /* Release */,
			);
			defaultConfigurationIsVisible = 0;
			defaultConfigurationName = Release;
		};
/* End XCConfigurationList section */
	};
	rootObject = 05687A3A29BA7B2300D24E58 /* Project object */;
}
